
Microsoft Visual Studio Solution File, Format Version 12.00
# Visual Studio Version 17
VisualStudioVersion = 17.11.35327.3
MinimumVisualStudioVersion = 10.0.40219.1
Project("{FAE04EC0-301F-11D3-BF4B-00C04F79EFBC}") = "WindowsFormsApp_Windows_Forms_NC_Bai_2", "WindowsFormsApp_Windows_Forms_NC_Bai_2\WindowsFormsApp_Windows_Forms_NC_Bai_2.csproj", "{AE6ED811-00BF-4009-B0B8-53E1EAC2B87A}"
EndProject
Global
	GlobalSection(SolutionConfigurationPlatforms) = preSolution
		Debug|Any CPU = Debug|Any CPU
		Release|Any CPU = Release|Any CPU
	EndGlobalSection
	GlobalSection(ProjectConfigurationPlatforms) = postSolution
		{AE6ED811-00BF-4009-B0B8-53E1EAC2B87A}.Debug|Any CPU.ActiveCfg = Debug|Any CPU
		{AE6ED811-00BF-4009-B0B8-53E1EAC2B87A}.Debug|Any CPU.Build.0 = Debug|Any CPU
		{AE6ED811-00BF-4009-B0B8-53E1EAC2B87A}.Release|Any CPU.ActiveCfg = Release|Any CPU
		{AE6ED811-00BF-4009-B0B8-53E1EAC2B87A}.Release|Any CPU.Build.0 = Release|Any CPU
	EndGlobalSection
	GlobalSection(SolutionProperties) = preSolution
		HideSolutionNode = FALSE
	EndGlobalSection
	GlobalSection(ExtensibilityGlobals) = postSolution
		SolutionGuid = {A0DBEA81-8A01-48B5-927B-2BB5EB8EAB33}
	EndGlobalSection
EndGlobal
